
Microsoft Visual Studio Solution File, Format Version 12.00
# Visual Studio 15
VisualStudioVersion = 15.0.26730.12
MinimumVisualStudioVersion = 10.0.40219.1
Project("{FAE04EC0-301F-11D3-BF4B-00C04F79EFBC}") = "CPS280LAB2-rojas1nd", "CPS280LAB2-rojas1nd\CPS280LAB2-rojas1nd.csproj", "{F0FF4830-F9D9-435B-9062-79FBD00D470D}"
EndProject
Global
	GlobalSection(SolutionConfigurationPlatforms) = preSolution
		Debug|Any CPU = Debug|Any CPU
		Release|Any CPU = Release|Any CPU
	EndGlobalSection
	GlobalSection(ProjectConfigurationPlatforms) = postSolution
		{F0FF4830-F9D9-435B-9062-79FBD00D470D}.Debug|Any CPU.ActiveCfg = Debug|Any CPU
		{F0FF4830-F9D9-435B-9062-79FBD00D470D}.Debug|Any CPU.Build.0 = Debug|Any CPU
		{F0FF4830-F9D9-435B-9062-79FBD00D470D}.Release|Any CPU.ActiveCfg = Release|Any CPU
		{F0FF4830-F9D9-435B-9062-79FBD00D470D}.Release|Any CPU.Build.0 = Release|Any CPU
	EndGlobalSection
	GlobalSection(SolutionProperties) = preSolution
		HideSolutionNode = FALSE
	EndGlobalSection
	GlobalSection(ExtensibilityGlobals) = postSolution
		SolutionGuid = {9BB99083-E690-464E-9D1E-8F11AE845470}
	EndGlobalSection
EndGlobal
